{
  "nodes": {
    "nixpkgs": {
      "locked": {
        "lastModified": 1761114652,
        "narHash": "sha256-f/QCJM/YhrV/lavyCVz8iU3rlZun6d+dAiC3H+CDle4=",
        "owner": "NixOS",
        "repo": "nixpkgs",
        "rev": "01f116e4df6a15f4ccdffb1bcd41096869fb385c",
        "type": "github"
      },
      "original": {
        "owner": "NixOS",
        "ref": "nixos-unstable",
        "repo": "nixpkgs",
        "type": "github"
      }
    },
    "quickshell": {
      "inputs": {
        "nixpkgs": [
          "nixpkgs"
        ]
      },
      "locked": {
        "lastModified": 1760822546,
        "narHash": "sha256-cy3wJQQzQbZ/EYUfTDuMiP/haPOjkqGgWOPPl7K9oiM=",
        "owner": "quickshell-mirror",
        "repo": "quickshell",
        "rev": "3e2ce40b18af943f9ba370ed73565e9f487663ef",
        "type": "github"
      },
      "original": {
        "owner": "quickshell-mirror",
        "repo": "quickshell",
        "type": "github"
      }
    },
    "root": {
      "inputs": {
        "nixpkgs": "nixpkgs",
        "quickshell": "quickshell"
      }
    }
  },
  "root": "root",
  "version": 7
}
